
Microsoft Visual Studio Solution File, Format Version 12.00
# Visual Studio Version 17
VisualStudioVersion = 17.1.31911.260
MinimumVisualStudioVersion = 10.0.40219.1
Project("{9A19103F-16F7-4668-BE54-9A1E7A4F7556}") = "ParserJsonCsvToXml", "WinFormsCsvJsonXml\ParserJsonCsvToXml.csproj", "{531851F5-83C3-4B30-B9A7-EA5798C6FDDA}"
EndProject
Global
	GlobalSection(SolutionConfigurationPlatforms) = preSolution
		Debug|Any CPU = Debug|Any CPU
		Release|Any CPU = Release|Any CPU
	EndGlobalSection
	GlobalSection(ProjectConfigurationPlatforms) = postSolution
		{531851F5-83C3-4B30-B9A7-EA5798C6FDDA}.Debug|Any CPU.ActiveCfg = Debug|Any CPU
		{531851F5-83C3-4B30-B9A7-EA5798C6FDDA}.Debug|Any CPU.Build.0 = Debug|Any CPU
		{531851F5-83C3-4B30-B9A7-EA5798C6FDDA}.Release|Any CPU.ActiveCfg = Release|Any CPU
		{531851F5-83C3-4B30-B9A7-EA5798C6FDDA}.Release|Any CPU.Build.0 = Release|Any CPU
	EndGlobalSection
	GlobalSection(SolutionProperties) = preSolution
		HideSolutionNode = FALSE
	EndGlobalSection
	GlobalSection(ExtensibilityGlobals) = postSolution
		SolutionGuid = {33302130-50B9-4492-9030-D09DA5168650}
	EndGlobalSection
EndGlobal
